// !$*UTF8*$!
{
	archiveVersion = 1;
	classes = {
	};
	objectVersion = 50;
	objects = {

/* Begin PBXBuildFile section */
		4049B11424058A5D00852DF0 /* TrickViewController.swift in Sources */ = {isa = PBXBuildFile; fileRef = 4049B11324058A5D00852DF0 /* TrickViewController.swift */; };
		4049B118240593F700852DF0 /* optionsStrings.swift in Sources */ = {isa = PBXBuildFile; fileRef = 4049B117240593F700852DF0 /* optionsStrings.swift */; };
		4049B11A2405946700852DF0 /* MenuViewController.swift in Sources */ = {isa = PBXBuildFile; fileRef = 4049B1192405946700852DF0 /* MenuViewController.swift */; };
		4049B11C240597FD00852DF0 /* alphabet.txt in Resources */ = {isa = PBXBuildFile; fileRef = 4049B11B240597FD00852DF0 /* alphabet.txt */; };
		409801F224044A4D0037F7A6 /* GuideViewController.swift in Sources */ = {isa = PBXBuildFile; fileRef = 409801F124044A4D0037F7A6 /* GuideViewController.swift */; };
		409801F42404516C0037F7A6 /* WordParser.swift in Sources */ = {isa = PBXBuildFile; fileRef = 409801F32404516C0037F7A6 /* WordParser.swift */; };
		409801F6240454930037F7A6 /* WordsTableViewController.swift in Sources */ = {isa = PBXBuildFile; fileRef = 409801F5240454930037F7A6 /* WordsTableViewController.swift */; };
		409801F8240454D70037F7A6 /* WordTableViewCell.swift in Sources */ = {isa = PBXBuildFile; fileRef = 409801F7240454D70037F7A6 /* WordTableViewCell.swift */; };
		40A6B84E2406D55400D2D1DC /* SelectCategoryViewController.swift in Sources */ = {isa = PBXBuildFile; fileRef = 40A6B84D2406D55400D2D1DC /* SelectCategoryViewController.swift */; };
		40A6B85A2406D8BA00D2D1DC /* celebritiesEN.txt in Resources */ = {isa = PBXBuildFile; fileRef = 40A6B84F2406D8BA00D2D1DC /* celebritiesEN.txt */; };
		40A6B85B2406D8BA00D2D1DC /* fruitsIT.txt in Resources */ = {isa = PBXBuildFile; fileRef = 40A6B8502406D8BA00D2D1DC /* fruitsIT.txt */; };
		40A6B85C2406D8BA00D2D1DC /* videogames.txt in Resources */ = {isa = PBXBuildFile; fileRef = 40A6B8512406D8BA00D2D1DC /* videogames.txt */; };
		40A6B85D2406D8BA00D2D1DC /* coloursEN.txt in Resources */ = {isa = PBXBuildFile; fileRef = 40A6B8522406D8BA00D2D1DC /* coloursEN.txt */; };
		40A6B85E2406D8BA00D2D1DC /* citiesEN.txt in Resources */ = {isa = PBXBuildFile; fileRef = 40A6B8532406D8BA00D2D1DC /* citiesEN.txt */; };
		40A6B85F2406D8BA00D2D1DC /* celebritiesIT.txt in Resources */ = {isa = PBXBuildFile; fileRef = 40A6B8542406D8BA00D2D1DC /* celebritiesIT.txt */; };
		40A6B8602406D8BA00D2D1DC /* coloursIT.txt in Resources */ = {isa = PBXBuildFile; fileRef = 40A6B8552406D8BA00D2D1DC /* coloursIT.txt */; };
		40A6B8612406D8BA00D2D1DC /* citiesIT.txt in Resources */ = {isa = PBXBuildFile; fileRef = 40A6B8562406D8BA00D2D1DC /* citiesIT.txt */; };
		40A6B8622406D8BA00D2D1DC /* fruitsEN.txt in Resources */ = {isa = PBXBuildFile; fileRef = 40A6B8572406D8BA00D2D1DC /* fruitsEN.txt */; };
		40A6B8632406D8BA00D2D1DC /* MentalismMagic.xcdatamodeld in Sources */ = {isa = PBXBuildFile; fileRef = 40A6B8582406D8BA00D2D1DC /* MentalismMagic.xcdatamodeld */; };
		40A6B8692406DBEB00D2D1DC /* Localizable.strings in Resources */ = {isa = PBXBuildFile; fileRef = 40A6B8682406DBEB00D2D1DC /* Localizable.strings */; };
		40A6B86B2406E0C200D2D1DC /* offcurve.ttf in Resources */ = {isa = PBXBuildFile; fileRef = 40A6B86A2406E0C200D2D1DC /* offcurve.ttf */; };
		40A6B8702406EC6700D2D1DC /* Colors.xcassets in Resources */ = {isa = PBXBuildFile; fileRef = 40A6B86F2406EC6700D2D1DC /* Colors.xcassets */; };
		40ABCFC82365AF8C00C47E1A /* AppDelegate.swift in Sources */ = {isa = PBXBuildFile; fileRef = 40ABCFC72365AF8C00C47E1A /* AppDelegate.swift */; };
		40ABCFCA2365AF8C00C47E1A /* SceneDelegate.swift in Sources */ = {isa = PBXBuildFile; fileRef = 40ABCFC92365AF8C00C47E1A /* SceneDelegate.swift */; };
		40ABCFCC2365AF8C00C47E1A /* ViewController.swift in Sources */ = {isa = PBXBuildFile; fileRef = 40ABCFCB2365AF8C00C47E1A /* ViewController.swift */; };
		40ABCFCF2365AF8C00C47E1A /* Main.storyboard in Resources */ = {isa = PBXBuildFile; fileRef = 40ABCFCD2365AF8C00C47E1A /* Main.storyboard */; };
		40ABCFD22365AF8C00C47E1A /* MentalismMagic.xcdatamodeld in Sources */ = {isa = PBXBuildFile; fileRef = 40ABCFD02365AF8C00C47E1A /* MentalismMagic.xcdatamodeld */; };
		40ABCFD42365AF8C00C47E1A /* Assets.xcassets in Resources */ = {isa = PBXBuildFile; fileRef = 40ABCFD32365AF8C00C47E1A /* Assets.xcassets */; };
		40ABCFD72365AF8C00C47E1A /* LaunchScreen.storyboard in Resources */ = {isa = PBXBuildFile; fileRef = 40ABCFD52365AF8C00C47E1A /* LaunchScreen.storyboard */; };
/* End PBXBuildFile section */

/* Begin PBXFileReference section */
		4049B11324058A5D00852DF0 /* TrickViewController.swift */ = {isa = PBXFileReference; lastKnownFileType = sourcecode.swift; path = TrickViewController.swift; sourceTree = "<group>"; };
		4049B117240593F700852DF0 /* optionsStrings.swift */ = {isa = PBXFileReference; lastKnownFileType = sourcecode.swift; path = optionsStrings.swift; sourceTree = "<group>"; };
		4049B1192405946700852DF0 /* MenuViewController.swift */ = {isa = PBXFileReference; lastKnownFileType = sourcecode.swift; path = MenuViewController.swift; sourceTree = "<group>"; };
		4049B11B240597FD00852DF0 /* alphabet.txt */ = {isa = PBXFileReference; fileEncoding = 4; lastKnownFileType = text; path = alphabet.txt; sourceTree = "<group>"; };
		409801F124044A4D0037F7A6 /* GuideViewController.swift */ = {isa = PBXFileReference; lastKnownFileType = sourcecode.swift; path = GuideViewController.swift; sourceTree = "<group>"; };
		409801F32404516C0037F7A6 /* WordParser.swift */ = {isa = PBXFileReference; fileEncoding = 4; lastKnownFileType = sourcecode.swift; path = WordParser.swift; sourceTree = "<group>"; };
		409801F5240454930037F7A6 /* WordsTableViewController.swift */ = {isa = PBXFileReference; lastKnownFileType = sourcecode.swift; path = WordsTableViewController.swift; sourceTree = "<group>"; };
		409801F7240454D70037F7A6 /* WordTableViewCell.swift */ = {isa = PBXFileReference; lastKnownFileType = sourcecode.swift; path = WordTableViewCell.swift; sourceTree = "<group>"; };
		40A6B84D2406D55400D2D1DC /* SelectCategoryViewController.swift */ = {isa = PBXFileReference; lastKnownFileType = sourcecode.swift; path = SelectCategoryViewController.swift; sourceTree = "<group>"; };
		40A6B84F2406D8BA00D2D1DC /* celebritiesEN.txt */ = {isa = PBXFileReference; fileEncoding = 4; lastKnownFileType = text; path = celebritiesEN.txt; sourceTree = "<group>"; };
		40A6B8502406D8BA00D2D1DC /* fruitsIT.txt */ = {isa = PBXFileReference; fileEncoding = 4; lastKnownFileType = text; path = fruitsIT.txt; sourceTree = "<group>"; };
		40A6B8512406D8BA00D2D1DC /* videogames.txt */ = {isa = PBXFileReference; fileEncoding = 4; lastKnownFileType = text; path = videogames.txt; sourceTree = "<group>"; };
		40A6B8522406D8BA00D2D1DC /* coloursEN.txt */ = {isa = PBXFileReference; fileEncoding = 4; lastKnownFileType = text; path = coloursEN.txt; sourceTree = "<group>"; };
		40A6B8532406D8BA00D2D1DC /* citiesEN.txt */ = {isa = PBXFileReference; fileEncoding = 4; lastKnownFileType = text; path = citiesEN.txt; sourceTree = "<group>"; };
		40A6B8542406D8BA00D2D1DC /* celebritiesIT.txt */ = {isa = PBXFileReference; fileEncoding = 4; lastKnownFileType = text; path = celebritiesIT.txt; sourceTree = "<group>"; };
		40A6B8552406D8BA00D2D1DC /* coloursIT.txt */ = {isa = PBXFileReference; fileEncoding = 4; lastKnownFileType = text; path = coloursIT.txt; sourceTree = "<group>"; };
		40A6B8562406D8BA00D2D1DC /* citiesIT.txt */ = {isa = PBXFileReference; fileEncoding = 4; lastKnownFileType = text; path = citiesIT.txt; sourceTree = "<group>"; };
		40A6B8572406D8BA00D2D1DC /* fruitsEN.txt */ = {isa = PBXFileReference; fileEncoding = 4; lastKnownFileType = text; path = fruitsEN.txt; sourceTree = "<group>"; };
		40A6B8592406D8BA00D2D1DC /* MentalismMagic.xcdatamodel */ = {isa = PBXFileReference; lastKnownFileType = wrapper.xcdatamodel; path = MentalismMagic.xcdatamodel; sourceTree = "<group>"; };
		40A6B8682406DBEB00D2D1DC /* Localizable.strings */ = {isa = PBXFileReference; lastKnownFileType = text.plist.strings; path = Localizable.strings; sourceTree = "<group>"; };
		40A6B86A2406E0C200D2D1DC /* offcurve.ttf */ = {isa = PBXFileReference; lastKnownFileType = file; path = offcurve.ttf; sourceTree = "<group>"; };
		40A6B86F2406EC6700D2D1DC /* Colors.xcassets */ = {isa = PBXFileReference; lastKnownFileType = folder.assetcatalog; path = Colors.xcassets; sourceTree = "<group>"; };
		40ABCFC42365AF8C00C47E1A /* MentalismMagic.app */ = {isa = PBXFileReference; explicitFileType = wrapper.application; includeInIndex = 0; path = MentalismMagic.app; sourceTree = BUILT_PRODUCTS_DIR; };
		40ABCFC72365AF8C00C47E1A /* AppDelegate.swift */ = {isa = PBXFileReference; lastKnownFileType = sourcecode.swift; path = AppDelegate.swift; sourceTree = "<group>"; };
		40ABCFC92365AF8C00C47E1A /* SceneDelegate.swift */ = {isa = PBXFileReference; lastKnownFileType = sourcecode.swift; path = SceneDelegate.swift; sourceTree = "<group>"; };
		40ABCFCB2365AF8C00C47E1A /* ViewController.swift */ = {isa = PBXFileReference; lastKnownFileType = sourcecode.swift; path = ViewController.swift; sourceTree = "<group>"; };
		40ABCFCE2365AF8C00C47E1A /* Base */ = {isa = PBXFileReference; lastKnownFileType = file.storyboard; name = Base; path = Base.lproj/Main.storyboard; sourceTree = "<group>"; };
		40ABCFD12365AF8C00C47E1A /* MentalismMagic.xcdatamodel */ = {isa = PBXFileReference; lastKnownFileType = wrapper.xcdatamodel; path = MentalismMagic.xcdatamodel; sourceTree = "<group>"; };
		40ABCFD32365AF8C00C47E1A /* Assets.xcassets */ = {isa = PBXFileReference; lastKnownFileType = folder.assetcatalog; path = Assets.xcassets; sourceTree = "<group>"; };
		40ABCFD62365AF8C00C47E1A /* Base */ = {isa = PBXFileReference; lastKnownFileType = file.storyboard; name = Base; path = Base.lproj/LaunchScreen.storyboard; sourceTree = "<group>"; };
		40ABCFD82365AF8C00C47E1A /* Info.plist */ = {isa = PBXFileReference; lastKnownFileType = text.plist.xml; path = Info.plist; sourceTree = "<group>"; };
/* End PBXFileReference section */

/* Begin PBXFrameworksBuildPhase section */
		40ABCFC12365AF8C00C47E1A /* Frameworks */ = {
			isa = PBXFrameworksBuildPhase;
			buildActionMask = 2147483647;
			files = (
			);
			runOnlyForDeploymentPostprocessing = 0;
		};
/* End PBXFrameworksBuildPhase section */

/* Begin PBXGroup section */
		40ABCFBB2365AF8C00C47E1A = {
			isa = PBXGroup;
			children = (
				40ABCFC62365AF8C00C47E1A /* MentalismMagic */,
				40ABCFC52365AF8C00C47E1A /* Products */,
			);
			sourceTree = "<group>";
		};
		40ABCFC52365AF8C00C47E1A /* Products */ = {
			isa = PBXGroup;
			children = (
				40ABCFC42365AF8C00C47E1A /* MentalismMagic.app */,
			);
			name = Products;
			sourceTree = "<group>";
		};
		40ABCFC62365AF8C00C47E1A /* MentalismMagic */ = {
			isa = PBXGroup;
			children = (
				40A6B86A2406E0C200D2D1DC /* offcurve.ttf */,
				40A6B84F2406D8BA00D2D1DC /* celebritiesEN.txt */,
				40A6B8542406D8BA00D2D1DC /* celebritiesIT.txt */,
				40A6B8532406D8BA00D2D1DC /* citiesEN.txt */,
				40A6B8562406D8BA00D2D1DC /* citiesIT.txt */,
				40A6B8522406D8BA00D2D1DC /* coloursEN.txt */,
				40A6B8552406D8BA00D2D1DC /* coloursIT.txt */,
				40A6B8572406D8BA00D2D1DC /* fruitsEN.txt */,
				40A6B8502406D8BA00D2D1DC /* fruitsIT.txt */,
				40A6B8582406D8BA00D2D1DC /* MentalismMagic.xcdatamodeld */,
				40A6B8512406D8BA00D2D1DC /* videogames.txt */,
				4049B11B240597FD00852DF0 /* alphabet.txt */,
				40ABCFC72365AF8C00C47E1A /* AppDelegate.swift */,
				40ABCFC92365AF8C00C47E1A /* SceneDelegate.swift */,
				40ABCFCB2365AF8C00C47E1A /* ViewController.swift */,
				409801F32404516C0037F7A6 /* WordParser.swift */,
				40ABCFCD2365AF8C00C47E1A /* Main.storyboard */,
				40ABCFD32365AF8C00C47E1A /* Assets.xcassets */,
				40ABCFD52365AF8C00C47E1A /* LaunchScreen.storyboard */,
				40ABCFD82365AF8C00C47E1A /* Info.plist */,
				40ABCFD02365AF8C00C47E1A /* MentalismMagic.xcdatamodeld */,
				409801F124044A4D0037F7A6 /* GuideViewController.swift */,
				409801F5240454930037F7A6 /* WordsTableViewController.swift */,
				409801F7240454D70037F7A6 /* WordTableViewCell.swift */,
				4049B11324058A5D00852DF0 /* TrickViewController.swift */,
				4049B117240593F700852DF0 /* optionsStrings.swift */,
				4049B1192405946700852DF0 /* MenuViewController.swift */,
				40A6B84D2406D55400D2D1DC /* SelectCategoryViewController.swift */,
				40A6B8682406DBEB00D2D1DC /* Localizable.strings */,
				40A6B86F2406EC6700D2D1DC /* Colors.xcassets */,
			);
			path = MentalismMagic;
			sourceTree = "<group>";
		};
/* End PBXGroup section */

/* Begin PBXNativeTarget section */
		40ABCFC32365AF8C00C47E1A /* MentalismMagic */ = {
			isa = PBXNativeTarget;
			buildConfigurationList = 40ABCFDB2365AF8C00C47E1A /* Build configuration list for PBXNativeTarget "MentalismMagic" */;
			buildPhases = (
				40ABCFC02365AF8C00C47E1A /* Sources */,
				40ABCFC12365AF8C00C47E1A /* Frameworks */,
				40ABCFC22365AF8C00C47E1A /* Resources */,
			);
			buildRules = (
			);
			dependencies = (
			);
			name = MentalismMagic;
			productName = MentalismMagic;
			productReference = 40ABCFC42365AF8C00C47E1A /* MentalismMagic.app */;
			productType = "com.apple.product-type.application";
		};
/* End PBXNativeTarget section */

/* Begin PBXProject section */
		40ABCFBC2365AF8C00C47E1A /* Project object */ = {
			isa = PBXProject;
			attributes = {
				LastSwiftUpdateCheck = 1110;
				LastUpgradeCheck = 1110;
				ORGANIZATIONNAME = "Valerio Volpe";
				TargetAttributes = {
					40ABCFC32365AF8C00C47E1A = {
						CreatedOnToolsVersion = 11.1;
					};
				};
			};
			buildConfigurationList = 40ABCFBF2365AF8C00C47E1A /* Build configuration list for PBXProject "MentalismMagic" */;
			compatibilityVersion = "Xcode 9.3";
			developmentRegion = en;
			hasScannedForEncodings = 0;
			knownRegions = (
				en,
				Base,
			);
			mainGroup = 40ABCFBB2365AF8C00C47E1A;
			productRefGroup = 40ABCFC52365AF8C00C47E1A /* Products */;
			projectDirPath = "";
			projectRoot = "";
			targets = (
				40ABCFC32365AF8C00C47E1A /* MentalismMagic */,
			);
		};
/* End PBXProject section */

/* Begin PBXResourcesBuildPhase section */
		40ABCFC22365AF8C00C47E1A /* Resources */ = {
			isa = PBXResourcesBuildPhase;
			buildActionMask = 2147483647;
			files = (
				40A6B85C2406D8BA00D2D1DC /* videogames.txt in Resources */,
				40ABCFD72365AF8C00C47E1A /* LaunchScreen.storyboard in Resources */,
				40A6B85A2406D8BA00D2D1DC /* celebritiesEN.txt in Resources */,
				40A6B8692406DBEB00D2D1DC /* Localizable.strings in Resources */,
				40A6B85E2406D8BA00D2D1DC /* citiesEN.txt in Resources */,
				40ABCFD42365AF8C00C47E1A /* Assets.xcassets in Resources */,
				4049B11C240597FD00852DF0 /* alphabet.txt in Resources */,
				40A6B8612406D8BA00D2D1DC /* citiesIT.txt in Resources */,
				40ABCFCF2365AF8C00C47E1A /* Main.storyboard in Resources */,
				40A6B85F2406D8BA00D2D1DC /* celebritiesIT.txt in Resources */,
				40A6B85B2406D8BA00D2D1DC /* fruitsIT.txt in Resources */,
				40A6B85D2406D8BA00D2D1DC /* coloursEN.txt in Resources */,
				40A6B86B2406E0C200D2D1DC /* offcurve.ttf in Resources */,
				40A6B8702406EC6700D2D1DC /* Colors.xcassets in Resources */,
				40A6B8622406D8BA00D2D1DC /* fruitsEN.txt in Resources */,
				40A6B8602406D8BA00D2D1DC /* coloursIT.txt in Resources */,
			);
			runOnlyForDeploymentPostprocessing = 0;
		};
/* End PBXResourcesBuildPhase section */

/* Begin PBXSourcesBuildPhase section */
		40ABCFC02365AF8C00C47E1A /* Sources */ = {
			isa = PBXSourcesBuildPhase;
			buildActionMask = 2147483647;
			files = (
				409801F6240454930037F7A6 /* WordsTableViewController.swift in Sources */,
				409801F8240454D70037F7A6 /* WordTableViewCell.swift in Sources */,
				409801F42404516C0037F7A6 /* WordParser.swift in Sources */,
				40ABCFCC2365AF8C00C47E1A /* ViewController.swift in Sources */,
				4049B11A2405946700852DF0 /* MenuViewController.swift in Sources */,
				40ABCFC82365AF8C00C47E1A /* AppDelegate.swift in Sources */,
				40A6B84E2406D55400D2D1DC /* SelectCategoryViewController.swift in Sources */,
				40ABCFD22365AF8C00C47E1A /* MentalismMagic.xcdatamodeld in Sources */,
				409801F224044A4D0037F7A6 /* GuideViewController.swift in Sources */,
				40ABCFCA2365AF8C00C47E1A /* SceneDelegate.swift in Sources */,
				40A6B8632406D8BA00D2D1DC /* MentalismMagic.xcdatamodeld in Sources */,
				4049B11424058A5D00852DF0 /* TrickViewController.swift in Sources */,
				4049B118240593F700852DF0 /* optionsStrings.swift in Sources */,
			);
			runOnlyForDeploymentPostprocessing = 0;
		};
/* End PBXSourcesBuildPhase section */

/* Begin PBXVariantGroup section */
		40ABCFCD2365AF8C00C47E1A /* Main.storyboard */ = {
			isa = PBXVariantGroup;
			children = (
				40ABCFCE2365AF8C00C47E1A /* Base */,
			);
			name = Main.storyboard;
			sourceTree = "<group>";
		};
		40ABCFD52365AF8C00C47E1A /* LaunchScreen.storyboard */ = {
			isa = PBXVariantGroup;
			children = (
				40ABCFD62365AF8C00C47E1A /* Base */,
			);
			name = LaunchScreen.storyboard;
			sourceTree = "<group>";
		};
/* End PBXVariantGroup section */

/* Begin XCBuildConfiguration section */
		40ABCFD92365AF8C00C47E1A /* Debug */ = {
			isa = XCBuildConfiguration;
			buildSettings = {
				ALWAYS_SEARCH_USER_PATHS = NO;
				CLANG_ANALYZER_LOCALIZABILITY_NONLOCALIZED = YES;
				CLANG_ANALYZER_NONNULL = YES;
				CLANG_ANALYZER_NUMBER_OBJECT_CONVERSION = YES_AGGRESSIVE;
				CLANG_CXX_LANGUAGE_STANDARD = "gnu++14";
				CLANG_CXX_LIBRARY = "libc++";
				CLANG_ENABLE_MODULES = YES;
				CLANG_ENABLE_OBJC_ARC = YES;
				CLANG_ENABLE_OBJC_WEAK = YES;
				CLANG_WARN_BLOCK_CAPTURE_AUTORELEASING = YES;
				CLANG_WARN_BOOL_CONVERSION = YES;
				CLANG_WARN_COMMA = YES;
				CLANG_WARN_CONSTANT_CONVERSION = YES;
				CLANG_WARN_DEPRECATED_OBJC_IMPLEMENTATIONS = YES;
				CLANG_WARN_DIRECT_OBJC_ISA_USAGE = YES_ERROR;
				CLANG_WARN_DOCUMENTATION_COMMENTS = YES;
				CLANG_WARN_EMPTY_BODY = YES;
				CLANG_WARN_ENUM_CONVERSION = YES;
				CLANG_WARN_INFINITE_RECURSION = YES;
				CLANG_WARN_INT_CONVERSION = YES;
				CLANG_WARN_NON_LITERAL_NULL_CONVERSION = YES;
				CLANG_WARN_OBJC_IMPLICIT_RETAIN_SELF = YES;
				CLANG_WARN_OBJC_LITERAL_CONVERSION = YES;
				CLANG_WARN_OBJC_ROOT_CLASS = YES_ERROR;
				CLANG_WARN_RANGE_LOOP_ANALYSIS = YES;
				CLANG_WARN_STRICT_PROTOTYPES = YES;
				CLANG_WARN_SUSPICIOUS_MOVE = YES;
				CLANG_WARN_UNGUARDED_AVAILABILITY = YES_AGGRESSIVE;
				CLANG_WARN_UNREACHABLE_CODE = YES;
				CLANG_WARN__DUPLICATE_METHOD_MATCH = YES;
				COPY_PHASE_STRIP = NO;
				DEBUG_INFORMATION_FORMAT = dwarf;
				ENABLE_STRICT_OBJC_MSGSEND = YES;
				ENABLE_TESTABILITY = YES;
				GCC_C_LANGUAGE_STANDARD = gnu11;
				GCC_DYNAMIC_NO_PIC = NO;
				GCC_NO_COMMON_BLOCKS = YES;
				GCC_OPTIMIZATION_LEVEL = 0;
				GCC_PREPROCESSOR_DEFINITIONS = (
					"DEBUG=1",
					"$(inherited)",
				);
				GCC_WARN_64_TO_32_BIT_CONVERSION = YES;
				GCC_WARN_ABOUT_RETURN_TYPE = YES_ERROR;
				GCC_WARN_UNDECLARED_SELECTOR = YES;
				GCC_WARN_UNINITIALIZED_AUTOS = YES_AGGRESSIVE;
				GCC_WARN_UNUSED_FUNCTION = YES;
				GCC_WARN_UNUSED_VARIABLE = YES;
				IPHONEOS_DEPLOYMENT_TARGET = 13.1;
				MTL_ENABLE_DEBUG_INFO = INCLUDE_SOURCE;
				MTL_FAST_MATH = YES;
				ONLY_ACTIVE_ARCH = YES;
				SDKROOT = iphoneos;
				SWIFT_ACTIVE_COMPILATION_CONDITIONS = DEBUG;
				SWIFT_OPTIMIZATION_LEVEL = "-Onone";
			};
			name = Debug;
		};
		40ABCFDA2365AF8C00C47E1A /* Release */ = {
			isa = XCBuildConfiguration;
			buildSettings = {
				ALWAYS_SEARCH_USER_PATHS = NO;
				CLANG_ANALYZER_LOCALIZABILITY_NONLOCALIZED = YES;
				CLANG_ANALYZER_NONNULL = YES;
				CLANG_ANALYZER_NUMBER_OBJECT_CONVERSION = YES_AGGRESSIVE;
				CLANG_CXX_LANGUAGE_STANDARD = "gnu++14";
				CLANG_CXX_LIBRARY = "libc++";
				CLANG_ENABLE_MODULES = YES;
				CLANG_ENABLE_OBJC_ARC = YES;
				CLANG_ENABLE_OBJC_WEAK = YES;
				CLANG_WARN_BLOCK_CAPTURE_AUTORELEASING = YES;
				CLANG_WARN_BOOL_CONVERSION = YES;
				CLANG_WARN_COMMA = YES;
				CLANG_WARN_CONSTANT_CONVERSION = YES;
				CLANG_WARN_DEPRECATED_OBJC_IMPLEMENTATIONS = YES;
				CLANG_WARN_DIRECT_OBJC_ISA_USAGE = YES_ERROR;
				CLANG_WARN_DOCUMENTATION_COMMENTS = YES;
				CLANG_WARN_EMPTY_BODY = YES;
				CLANG_WARN_ENUM_CONVERSION = YES;
				CLANG_WARN_INFINITE_RECURSION = YES;
				CLANG_WARN_INT_CONVERSION = YES;
				CLANG_WARN_NON_LITERAL_NULL_CONVERSION = YES;
				CLANG_WARN_OBJC_IMPLICIT_RETAIN_SELF = YES;
				CLANG_WARN_OBJC_LITERAL_CONVERSION = YES;
				CLANG_WARN_OBJC_ROOT_CLASS = YES_ERROR;
				CLANG_WARN_RANGE_LOOP_ANALYSIS = YES;
				CLANG_WARN_STRICT_PROTOTYPES = YES;
				CLANG_WARN_SUSPICIOUS_MOVE = YES;
				CLANG_WARN_UNGUARDED_AVAILABILITY = YES_AGGRESSIVE;
				CLANG_WARN_UNREACHABLE_CODE = YES;
				CLANG_WARN__DUPLICATE_METHOD_MATCH = YES;
				COPY_PHASE_STRIP = NO;
				DEBUG_INFORMATION_FORMAT = "dwarf-with-dsym";
				ENABLE_NS_ASSERTIONS = NO;
				ENABLE_STRICT_OBJC_MSGSEND = YES;
				GCC_C_LANGUAGE_STANDARD = gnu11;
				GCC_NO_COMMON_BLOCKS = YES;
				GCC_WARN_64_TO_32_BIT_CONVERSION = YES;
				GCC_WARN_ABOUT_RETURN_TYPE = YES_ERROR;
				GCC_WARN_UNDECLARED_SELECTOR = YES;
				GCC_WARN_UNINITIALIZED_AUTOS = YES_AGGRESSIVE;
				GCC_WARN_UNUSED_FUNCTION = YES;
				GCC_WARN_UNUSED_VARIABLE = YES;
				IPHONEOS_DEPLOYMENT_TARGET = 13.1;
				MTL_ENABLE_DEBUG_INFO = NO;
				MTL_FAST_MATH = YES;
				SDKROOT = iphoneos;
				SWIFT_COMPILATION_MODE = wholemodule;
				SWIFT_OPTIMIZATION_LEVEL = "-O";
				VALIDATE_PRODUCT = YES;
			};
			name = Release;
		};
		40ABCFDC2365AF8C00C47E1A /* Debug */ = {
			isa = XCBuildConfiguration;
			buildSettings = {
				ASSETCATALOG_COMPILER_APPICON_NAME = AppIcon;
				CODE_SIGN_STYLE = Automatic;
				CURRENT_PROJECT_VERSION = 2;
				DEVELOPMENT_TEAM = 857U4QUPC3;
				INFOPLIST_FILE = MentalismMagic/Info.plist;
				LD_RUNPATH_SEARCH_PATHS = (
					"$(inherited)",
					"@executable_path/Frameworks",
				);
				PRODUCT_BUNDLE_IDENTIFIER = tk.valyfox.MentalismMagic;
				PRODUCT_NAME = "$(TARGET_NAME)";
				SWIFT_VERSION = 5.0;
				TARGETED_DEVICE_FAMILY = 1;
			};
			name = Debug;
		};
		40ABCFDD2365AF8C00C47E1A /* Release */ = {
			isa = XCBuildConfiguration;
			buildSettings = {
				ASSETCATALOG_COMPILER_APPICON_NAME = AppIcon;
				CODE_SIGN_STYLE = Automatic;
				CURRENT_PROJECT_VERSION = 2;
				DEVELOPMENT_TEAM = 857U4QUPC3;
				INFOPLIST_FILE = MentalismMagic/Info.plist;
				LD_RUNPATH_SEARCH_PATHS = (
					"$(inherited)",
					"@executable_path/Frameworks",
				);
				PRODUCT_BUNDLE_IDENTIFIER = tk.valyfox.MentalismMagic;
				PRODUCT_NAME = "$(TARGET_NAME)";
				SWIFT_VERSION = 5.0;
				TARGETED_DEVICE_FAMILY = 1;
			};
			name = Release;
		};
/* End XCBuildConfiguration section */

/* Begin XCConfigurationList section */
		40ABCFBF2365AF8C00C47E1A /* Build configuration list for PBXProject "MentalismMagic" */ = {
			isa = XCConfigurationList;
			buildConfigurations = (
				40ABCFD92365AF8C00C47E1A /* Debug */,
				40ABCFDA2365AF8C00C47E1A /* Release */,
			);
			defaultConfigurationIsVisible = 0;
			defaultConfigurationName = Release;
		};
		40ABCFDB2365AF8C00C47E1A /* Build configuration list for PBXNativeTarget "MentalismMagic" */ = {
			isa = XCConfigurationList;
			buildConfigurations = (
				40ABCFDC2365AF8C00C47E1A /* Debug */,
				40ABCFDD2365AF8C00C47E1A /* Release */,
			);
			defaultConfigurationIsVisible = 0;
			defaultConfigurationName = Release;
		};
/* End XCConfigurationList section */

/* Begin XCVersionGroup section */
		40A6B8582406D8BA00D2D1DC /* MentalismMagic.xcdatamodeld */ = {
			isa = XCVersionGroup;
			children = (
				40A6B8592406D8BA00D2D1DC /* MentalismMagic.xcdatamodel */,
			);
			currentVersion = 40A6B8592406D8BA00D2D1DC /* MentalismMagic.xcdatamodel */;
			path = MentalismMagic.xcdatamodeld;
			sourceTree = "<group>";
			versionGroupType = wrapper.xcdatamodel;
		};
		40ABCFD02365AF8C00C47E1A /* MentalismMagic.xcdatamodeld */ = {
			isa = XCVersionGroup;
			children = (
				40ABCFD12365AF8C00C47E1A /* MentalismMagic.xcdatamodel */,
			);
			currentVersion = 40ABCFD12365AF8C00C47E1A /* MentalismMagic.xcdatamodel */;
			path = MentalismMagic.xcdatamodeld;
			sourceTree = "<group>";
			versionGroupType = wrapper.xcdatamodel;
		};
/* End XCVersionGroup section */
	};
	rootObject = 40ABCFBC2365AF8C00C47E1A /* Project object */;
}
